
Microsoft Visual Studio Solution File, Format Version 12.00
# Visual Studio Version 17
VisualStudioVersion = 17.5.33530.505
MinimumVisualStudioVersion = 10.0.40219.1
Project("{FAE04EC0-301F-11D3-BF4B-00C04F79EFBC}") = "NoticiaCadastroAPI", "NoticiaCadastroAPI.csproj", "{D8879086-1237-4738-AD12-5AB8FCA69446}"
EndProject
Global
	GlobalSection(SolutionConfigurationPlatforms) = preSolution
		Debug|Any CPU = Debug|Any CPU
		Release|Any CPU = Release|Any CPU
	EndGlobalSection
	GlobalSection(ProjectConfigurationPlatforms) = postSolution
		{D8879086-1237-4738-AD12-5AB8FCA69446}.Debug|Any CPU.ActiveCfg = Debug|Any CPU
		{D8879086-1237-4738-AD12-5AB8FCA69446}.Debug|Any CPU.Build.0 = Debug|Any CPU
		{D8879086-1237-4738-AD12-5AB8FCA69446}.Release|Any CPU.ActiveCfg = Release|Any CPU
		{D8879086-1237-4738-AD12-5AB8FCA69446}.Release|Any CPU.Build.0 = Release|Any CPU
	EndGlobalSection
	GlobalSection(SolutionProperties) = preSolution
		HideSolutionNode = FALSE
	EndGlobalSection
	GlobalSection(ExtensibilityGlobals) = postSolution
		SolutionGuid = {A753AC1C-AF76-4EAA-AAEF-E1591C4DB81D}
	EndGlobalSection
EndGlobal
